{
  "name": "bid",
  "version": "0.0.1",
  "lockfileVersion": 1,
  "requires": true,
  "dependencies": {
    "bcrypto": {
      "version": "4.1.0",
      "resolved": "https://registry.npmjs.org/bcrypto/-/bcrypto-4.1.0.tgz",
      "integrity": "sha512-7QMCwNPAM53PcRG2gHwMHLcTjSwyQPYfTptRS38KuBZ7/Bf7zXVHZrQlvNnpu/m13qCVEMY4Wimnc+qt+rvMZg==",
      "requires": {
        "bsert": "~0.0.10",
        "bufio": "~1.0.6",
        "loady": "~0.0.1",
        "nan": "^2.13.2"
      }
    },
    "bsert": {
      "version": "0.0.10",
      "resolved": "https://registry.npmjs.org/bsert/-/bsert-0.0.10.tgz",
      "integrity": "sha512-NHNwlac+WPy4t2LoNh8pXk8uaIGH3NSaIUbTTRXGpE2WEbq0te/tDykYHkFK57YKLPjv/aGHmbqvnGeVWDz57Q=="
    },
    "bufio": {
      "version": "1.0.6",
      "resolved": "https://registry.npmjs.org/bufio/-/bufio-1.0.6.tgz",
      "integrity": "sha512-mjYZFRHmI9bk3Oeexu0rWjHFY+w6hGLabdmwSFzq+EFr4MHHsNOYduDVdYl71NG5pTPL7GGzUCMk9cYuV34/Qw=="
    },
    "loady": {
      "version": "0.0.1",
      "resolved": "https://registry.npmjs.org/loady/-/loady-0.0.1.tgz",
      "integrity": "sha512-PW5Z13Jd0v6ZcA1P6ZVUc3EV8BJwQuAiwUvvT6VQGHoaZ1d/tu7r1QZctuKfQqwy9SFBWeAGfcIdLxhp7ZW3Rw=="
    },
    "nan": {
      "version": "2.14.0",
      "resolved": "https://registry.npmjs.org/nan/-/nan-2.14.0.tgz",
      "integrity": "sha512-INOFj37C7k3AfaNTtX8RhsTw7qRy7eLET14cROi9+5HAVbbHuIWUHEauBv5qT4Av2tWasiTY1Jw6puUNqRJXQg=="
    }
  }
}
